DEPENDENCIES
  garcon
    path: ../garcon
  odsee
    path: .
    metadata: true
  os-hardening (>= 1.2.0)
  ssh-hardening (>= 1.0.3)
  sudo (>= 2.7.1)
  test_fixtures
    path: test/fixtures/cookbooks/test_fixtures

GRAPH
  apt (2.6.1)
  build-essential (2.1.3)
  chef_handler (1.1.6)
  garcon (0.8.5)
    build-essential (>= 2.1.3)
    chef_handler (>= 1.1.6)
    yum (>= 3.5.1)
  odsee (0.2.1)
    chef_handler (~> 1.1.6)
    garcon (~> 0.8.5)
  ohai (2.0.1)
  os-hardening (1.2.0)
    apt (>= 0.0.0)
    sysctl (>= 0.3.0)
    yum (>= 0.0.0)
  ssh-hardening (1.0.3)
  sudo (2.7.1)
  sysctl (0.6.2)
    ohai (>= 0.0.0)
  test_fixtures (0.1.0)
    chef_handler (>= 0.0.0)
    garcon (>= 0.0.0)
  yum (3.5.3)
